{
  "requires": true,
  "lockfileVersion": 1,
  "dependencies": {
    "ngx-icon-picker": {
      "version": "1.4.0",
      "resolved": "https://registry.npmjs.org/ngx-icon-picker/-/ngx-icon-picker-1.4.0.tgz",
      "integrity": "sha512-GIWVIIIW1mrj41GjUixm/DDhBZqvzrcJRFGOypwVhnYvbptikOfCXiH+N0z8TK10EJcgTMNpSgcB7evV/kfrFg=="
    }
  }
}
